
Microsoft Visual Studio Solution File, Format Version 12.00
# Visual Studio Version 17
VisualStudioVersion = 17.9.34723.18
MinimumVisualStudioVersion = 10.0.40219.1
Project("{FAE04EC0-301F-11D3-BF4B-00C04F79EFBC}") = "UnitTestingCalculator", "UnitTestingCalculator\UnitTestingCalculator.csproj", "{988E940A-883F-47C2-A1FD-B4CDDE0D4203}"
EndProject
Project("{FAE04EC0-301F-11D3-BF4B-00C04F79EFBC}") = "UnitTests", "UnitTests\UnitTests.csproj", "{3AFAC9DC-F211-4796-8B92-47C0B8BF3F01}"
EndProject
Global
	GlobalSection(SolutionConfigurationPlatforms) = preSolution
		Debug|Any CPU = Debug|Any CPU
		Release|Any CPU = Release|Any CPU
	EndGlobalSection
	GlobalSection(ProjectConfigurationPlatforms) = postSolution
		{988E940A-883F-47C2-A1FD-B4CDDE0D4203}.Debug|Any CPU.ActiveCfg = Debug|Any CPU
		{988E940A-883F-47C2-A1FD-B4CDDE0D4203}.Debug|Any CPU.Build.0 = Debug|Any CPU
		{988E940A-883F-47C2-A1FD-B4CDDE0D4203}.Release|Any CPU.ActiveCfg = Release|Any CPU
		{988E940A-883F-47C2-A1FD-B4CDDE0D4203}.Release|Any CPU.Build.0 = Release|Any CPU
		{3AFAC9DC-F211-4796-8B92-47C0B8BF3F01}.Debug|Any CPU.ActiveCfg = Debug|Any CPU
		{3AFAC9DC-F211-4796-8B92-47C0B8BF3F01}.Debug|Any CPU.Build.0 = Debug|Any CPU
		{3AFAC9DC-F211-4796-8B92-47C0B8BF3F01}.Release|Any CPU.ActiveCfg = Release|Any CPU
		{3AFAC9DC-F211-4796-8B92-47C0B8BF3F01}.Release|Any CPU.Build.0 = Release|Any CPU
	EndGlobalSection
	GlobalSection(SolutionProperties) = preSolution
		HideSolutionNode = FALSE
	EndGlobalSection
	GlobalSection(ExtensibilityGlobals) = postSolution
		SolutionGuid = {6E8C3E2C-56A1-4AB1-8D90-F9A5D8A78FF9}
	EndGlobalSection
EndGlobal
